
Microsoft Visual Studio Solution File, Format Version 12.00
# Visual Studio 2012
Project("{FAE04EC0-301F-11D3-BF4B-00C04F79EFBC}") = "JustDraw", "JustDraw\JustDraw.csproj", "{B9216924-19AF-48B2-BC38-427A70E05E7C}"
EndProject
Project("{2150E333-8FDC-42A3-9474-1A3956D46DE8}") = ".nuget", ".nuget", "{AB6CFB96-A294-4039-80F6-9CACB0EDA272}"
	ProjectSection(SolutionItems) = preProject
		.nuget\NuGet.Config = .nuget\NuGet.Config
		.nuget\NuGet.exe = .nuget\NuGet.exe
		.nuget\NuGet.targets = .nuget\NuGet.targets
	EndProjectSection
EndProject
Global
	GlobalSection(SolutionConfigurationPlatforms) = preSolution
		Debug|Any CPU = Debug|Any CPU
		Debug|ARM = Debug|ARM
		Debug|x64 = Debug|x64
		Debug|x86 = Debug|x86
		Release|Any CPU = Release|Any CPU
		Release|ARM = Release|ARM
		Release|x64 = Release|x64
		Release|x86 = Release|x86
	EndGlobalSection
	GlobalSection(ProjectConfigurationPlatforms) = postSolution
		{B9216924-19AF-48B2-BC38-427A70E05E7C}.Debug|Any CPU.ActiveCfg = Debug|Any CPU
		{B9216924-19AF-48B2-BC38-427A70E05E7C}.Debug|Any CPU.Build.0 = Debug|Any CPU
		{B9216924-19AF-48B2-BC38-427A70E05E7C}.Debug|Any CPU.Deploy.0 = Debug|Any CPU
		{B9216924-19AF-48B2-BC38-427A70E05E7C}.Debug|ARM.ActiveCfg = Debug|ARM
		{B9216924-19AF-48B2-BC38-427A70E05E7C}.Debug|ARM.Build.0 = Debug|ARM
		{B9216924-19AF-48B2-BC38-427A70E05E7C}.Debug|ARM.Deploy.0 = Debug|ARM
		{B9216924-19AF-48B2-BC38-427A70E05E7C}.Debug|x64.ActiveCfg = Debug|x64
		{B9216924-19AF-48B2-BC38-427A70E05E7C}.Debug|x64.Build.0 = Debug|x64
		{B9216924-19AF-48B2-BC38-427A70E05E7C}.Debug|x64.Deploy.0 = Debug|x64
		{B9216924-19AF-48B2-BC38-427A70E05E7C}.Debug|x86.ActiveCfg = Debug|x86
		{B9216924-19AF-48B2-BC38-427A70E05E7C}.Debug|x86.Build.0 = Debug|x86
		{B9216924-19AF-48B2-BC38-427A70E05E7C}.Debug|x86.Deploy.0 = Debug|x86
		{B9216924-19AF-48B2-BC38-427A70E05E7C}.Release|Any CPU.ActiveCfg = Release|Any CPU
		{B9216924-19AF-48B2-BC38-427A70E05E7C}.Release|Any CPU.Build.0 = Release|Any CPU
		{B9216924-19AF-48B2-BC38-427A70E05E7C}.Release|Any CPU.Deploy.0 = Release|Any CPU
		{B9216924-19AF-48B2-BC38-427A70E05E7C}.Release|ARM.ActiveCfg = Release|ARM
		{B9216924-19AF-48B2-BC38-427A70E05E7C}.Release|ARM.Build.0 = Release|ARM
		{B9216924-19AF-48B2-BC38-427A70E05E7C}.Release|ARM.Deploy.0 = Release|ARM
		{B9216924-19AF-48B2-BC38-427A70E05E7C}.Release|x64.ActiveCfg = Release|x64
		{B9216924-19AF-48B2-BC38-427A70E05E7C}.Release|x64.Build.0 = Release|x64
		{B9216924-19AF-48B2-BC38-427A70E05E7C}.Release|x64.Deploy.0 = Release|x64
		{B9216924-19AF-48B2-BC38-427A70E05E7C}.Release|x86.ActiveCfg = Release|x86
		{B9216924-19AF-48B2-BC38-427A70E05E7C}.Release|x86.Build.0 = Release|x86
		{B9216924-19AF-48B2-BC38-427A70E05E7C}.Release|x86.Deploy.0 = Release|x86
	EndGlobalSection
	GlobalSection(SolutionProperties) = preSolution
		HideSolutionNode = FALSE
	EndGlobalSection
EndGlobal
